
Microsoft Visual Studio Solution File, Format Version 12.00
# Visual Studio Version 17
VisualStudioVersion = 17.3.32929.385
MinimumVisualStudioVersion = 10.0.40219.1
Project("{FAE04EC0-301F-11D3-BF4B-00C04F79EFBC}") = "GUI", "GUI\GUI.csproj", "{376D9ACE-5219-485A-9F32-6FAABAD3B3BF}"
EndProject
Project("{FAE04EC0-301F-11D3-BF4B-00C04F79EFBC}") = "Domein", "Domein\Domein.csproj", "{B3313F93-7934-4386-BD98-65679F41EA5A}"
EndProject
Project("{FAE04EC0-301F-11D3-BF4B-00C04F79EFBC}") = "SQLserver", "SQLserver\SQLserver.csproj", "{210D4E51-249F-4DA7-8B53-CB044EEA52B2}"
EndProject
Global
	GlobalSection(SolutionConfigurationPlatforms) = preSolution
		Debug|Any CPU = Debug|Any CPU
		Release|Any CPU = Release|Any CPU
	EndGlobalSection
	GlobalSection(ProjectConfigurationPlatforms) = postSolution
		{376D9ACE-5219-485A-9F32-6FAABAD3B3BF}.Debug|Any CPU.ActiveCfg = Debug|Any CPU
		{376D9ACE-5219-485A-9F32-6FAABAD3B3BF}.Debug|Any CPU.Build.0 = Debug|Any CPU
		{376D9ACE-5219-485A-9F32-6FAABAD3B3BF}.Release|Any CPU.ActiveCfg = Release|Any CPU
		{376D9ACE-5219-485A-9F32-6FAABAD3B3BF}.Release|Any CPU.Build.0 = Release|Any CPU
		{B3313F93-7934-4386-BD98-65679F41EA5A}.Debug|Any CPU.ActiveCfg = Debug|Any CPU
		{B3313F93-7934-4386-BD98-65679F41EA5A}.Debug|Any CPU.Build.0 = Debug|Any CPU
		{B3313F93-7934-4386-BD98-65679F41EA5A}.Release|Any CPU.ActiveCfg = Release|Any CPU
		{B3313F93-7934-4386-BD98-65679F41EA5A}.Release|Any CPU.Build.0 = Release|Any CPU
		{210D4E51-249F-4DA7-8B53-CB044EEA52B2}.Debug|Any CPU.ActiveCfg = Debug|Any CPU
		{210D4E51-249F-4DA7-8B53-CB044EEA52B2}.Debug|Any CPU.Build.0 = Debug|Any CPU
		{210D4E51-249F-4DA7-8B53-CB044EEA52B2}.Release|Any CPU.ActiveCfg = Release|Any CPU
		{210D4E51-249F-4DA7-8B53-CB044EEA52B2}.Release|Any CPU.Build.0 = Release|Any CPU
	EndGlobalSection
	GlobalSection(SolutionProperties) = preSolution
		HideSolutionNode = FALSE
	EndGlobalSection
	GlobalSection(ExtensibilityGlobals) = postSolution
		SolutionGuid = {D2F710A5-8585-48DD-81C3-5FBB460B7868}
	EndGlobalSection
EndGlobal
